
Microsoft Visual Studio Solution File, Format Version 12.00
# Visual Studio Version 17
VisualStudioVersion = 17.0.31808.319
MinimumVisualStudioVersion = 10.0.40219.1
Project("{9A19103F-16F7-4668-BE54-9A1E7A4F7556}") = "BlazorClientBoilerPlate", "BlazorClientBoilerPlate\Client\BlazorClientBoilerPlate.csproj", "{1C096A5F-AB71-4AED-9909-A470D4A6E3D9}"
EndProject
Project("{9A19103F-16F7-4668-BE54-9A1E7A4F7556}") = "BlazorClientBoilerPlate.Shared", "BlazorClientBoilerPlate\Shared\BlazorClientBoilerPlate.Shared.csproj", "{46562982-626C-4D5E-8FFB-89FE1F3A0E55}"
EndProject
Global
	GlobalSection(SolutionConfigurationPlatforms) = preSolution
		Debug|Any CPU = Debug|Any CPU
		Release|Any CPU = Release|Any CPU
	EndGlobalSection
	GlobalSection(ProjectConfigurationPlatforms) = postSolution
		{1C096A5F-AB71-4AED-9909-A470D4A6E3D9}.Debug|Any CPU.ActiveCfg = Debug|Any CPU
		{1C096A5F-AB71-4AED-9909-A470D4A6E3D9}.Debug|Any CPU.Build.0 = Debug|Any CPU
		{1C096A5F-AB71-4AED-9909-A470D4A6E3D9}.Release|Any CPU.ActiveCfg = Release|Any CPU
		{1C096A5F-AB71-4AED-9909-A470D4A6E3D9}.Release|Any CPU.Build.0 = Release|Any CPU
		{46562982-626C-4D5E-8FFB-89FE1F3A0E55}.Debug|Any CPU.ActiveCfg = Debug|Any CPU
		{46562982-626C-4D5E-8FFB-89FE1F3A0E55}.Debug|Any CPU.Build.0 = Debug|Any CPU
		{46562982-626C-4D5E-8FFB-89FE1F3A0E55}.Release|Any CPU.ActiveCfg = Release|Any CPU
		{46562982-626C-4D5E-8FFB-89FE1F3A0E55}.Release|Any CPU.Build.0 = Release|Any CPU
	EndGlobalSection
	GlobalSection(SolutionProperties) = preSolution
		HideSolutionNode = FALSE
	EndGlobalSection
	GlobalSection(ExtensibilityGlobals) = postSolution
		SolutionGuid = {C0A263A7-98A8-4571-A275-5DA4A62CF66C}
	EndGlobalSection
EndGlobal
